# This file is automatically @generated by Cargo.
# It is not intended for manual editing.
version = 3

[[package]]
name = "aoc2021"
version = "0.1.0"
dependencies = [
 "array2d",
 "itertools",
]

[[package]]
name = "array2d"
version = "0.3.0"
source = "registry+https://github.com/rust-lang/crates.io-index"
checksum = "79093d31d0a9c7832c71ad74dd945b7861f721e6f242aa67be253a5eecbac937"

[[package]]
name = "either"
version = "1.6.1"
source = "registry+https://github.com/rust-lang/crates.io-index"
checksum = "e78d4f1cc4ae33bbfc157ed5d5a5ef3bc29227303d595861deb238fcec4e9457"

[[package]]
name = "itertools"
version = "0.11.0"
source = "registry+https://github.com/rust-lang/crates.io-index"
checksum = "b1c173a5686ce8bfa551b3563d0c2170bf24ca44da99c7ca4bfdab5418c3fe57"
dependencies = [
 "either",
]
