# This file is automatically @generated by Cargo.
# It is not intended for manual editing.
version = 3

[[package]]
name = "aoc2021"
version = "0.1.0"
dependencies = [
 "array2d",
 "itertools",
]

[[package]]
name = "array2d"
version = "0.2.1"
source = "registry+https://github.com/rust-lang/crates.io-index"
checksum = "224b2db9d3e7dd068c8b07b186076ee668ce38810d0ba12c80dacbcbb7cfc9e8"

[[package]]
name = "either"
version = "1.6.1"
source = "registry+https://github.com/rust-lang/crates.io-index"
checksum = "e78d4f1cc4ae33bbfc157ed5d5a5ef3bc29227303d595861deb238fcec4e9457"

[[package]]
name = "itertools"
version = "0.10.1"
source = "registry+https://github.com/rust-lang/crates.io-index"
checksum = "69ddb889f9d0d08a67338271fa9b62996bc788c7796a5c18cf057420aaed5eaf"
dependencies = [
 "either",
]
